
Microsoft Visual Studio Solution File, Format Version 12.00
# Visual Studio Version 17
VisualStudioVersion = 17.8.34309.116
MinimumVisualStudioVersion = 10.0.40219.1
Project("{FAE04EC0-301F-11D3-BF4B-00C04F79EFBC}") = "WindowsFormsApp1", "WindowsFormsApp1\WindowsFormsApp1.csproj", "{406745C1-457D-4B18-86FF-0877BC9E5B9D}"
EndProject
Global
	GlobalSection(SolutionConfigurationPlatforms) = preSolution
		Debug|Any CPU = Debug|Any CPU
		Release|Any CPU = Release|Any CPU
	EndGlobalSection
	GlobalSection(ProjectConfigurationPlatforms) = postSolution
		{406745C1-457D-4B18-86FF-0877BC9E5B9D}.Debug|Any CPU.ActiveCfg = Debug|Any CPU
		{406745C1-457D-4B18-86FF-0877BC9E5B9D}.Debug|Any CPU.Build.0 = Debug|Any CPU
		{406745C1-457D-4B18-86FF-0877BC9E5B9D}.Release|Any CPU.ActiveCfg = Release|Any CPU
		{406745C1-457D-4B18-86FF-0877BC9E5B9D}.Release|Any CPU.Build.0 = Release|Any CPU
	EndGlobalSection
	GlobalSection(SolutionProperties) = preSolution
		HideSolutionNode = FALSE
	EndGlobalSection
	GlobalSection(ExtensibilityGlobals) = postSolution
		SolutionGuid = {B696F86A-BCB7-484C-812D-95F3D85295AD}
	EndGlobalSection
EndGlobal
